{
  "name": "excel-project",
  "version": "1.0.0",
  "lockfileVersion": 3,
  "requires": true,
  "packages": {
    "": {
      "name": "excel-project",
      "version": "1.0.0",
      "license": "ISC",
      "dependencies": {
        "xlsx": "file:vendor/xlsx-0.20.3.tgz"
      }
    },
    "node_modules/xlsx": {
      "version": "0.20.3",
      "resolved": "file:vendor/xlsx-0.20.3.tgz",
      "integrity": "sha512-oLDq3jw7AcLqKWH2AhCpVTZl8mf6X2YReP+Neh0SJUzV/BdZYjth94tG5toiMB1PPrYtxOCfaoUCkvtuH+3AJA==",
      "bin": {
        "xlsx": "bin/xlsx.njs"
      },
      "engines": {
        "node": ">=0.8"
      }
    }
  }
}
